// !$*UTF8*$!
{
	archiveVersion = 1;
	classes = {
	};
	objectVersion = 46;
	objects = {

/* Begin PBXBuildFile section */
		2ED6FAD3584D40CA9E1BDABD /* libPods.a in Frameworks */ = {isa = PBXBuildFile; fileRef = 0B3C547C0F44442AA3DA50CB /* libPods.a */; };
		8560845719D52720001631FB /* AppDelegate.swift in Sources */ = {isa = PBXBuildFile; fileRef = 8560845619D52720001631FB /* AppDelegate.swift */; };
		8560845C19D52720001631FB /* Main.storyboard in Resources */ = {isa = PBXBuildFile; fileRef = 8560845A19D52720001631FB /* Main.storyboard */; };
		8560845E19D52720001631FB /* Images.xcassets in Resources */ = {isa = PBXBuildFile; fileRef = 8560845D19D52720001631FB /* Images.xcassets */; };
		8560846119D52720001631FB /* LaunchScreen.xib in Resources */ = {isa = PBXBuildFile; fileRef = 8560845F19D52720001631FB /* LaunchScreen.xib */; };
		8560846D19D52720001631FB /* twitterTests.swift in Sources */ = {isa = PBXBuildFile; fileRef = 8560846C19D52720001631FB /* twitterTests.swift */; };
		8560847819D527AB001631FB /* TwitterFeedViewController.swift in Sources */ = {isa = PBXBuildFile; fileRef = 8560847719D527AB001631FB /* TwitterFeedViewController.swift */; };
		8560847A19D527D2001631FB /* ViewTweetViewController.swift in Sources */ = {isa = PBXBuildFile; fileRef = 8560847919D527D2001631FB /* ViewTweetViewController.swift */; };
		8560847C19D527E4001631FB /* CreateTweetViewController.swift in Sources */ = {isa = PBXBuildFile; fileRef = 8560847B19D527E4001631FB /* CreateTweetViewController.swift */; };
		8560847F19D52B07001631FB /* TweetCell.swift in Sources */ = {isa = PBXBuildFile; fileRef = 8560847E19D52B07001631FB /* TweetCell.swift */; };
		8560848219D52BFA001631FB /* Tweet.swift in Sources */ = {isa = PBXBuildFile; fileRef = 8560848119D52BFA001631FB /* Tweet.swift */; };
		857A488119D7526A00DD2AD0 /* TwitterClient.swift in Sources */ = {isa = PBXBuildFile; fileRef = 857A488019D7526A00DD2AD0 /* TwitterClient.swift */; };
		857A488319D759B000DD2AD0 /* LoginViewController.swift in Sources */ = {isa = PBXBuildFile; fileRef = 857A488219D759B000DD2AD0 /* LoginViewController.swift */; };
		857A488519D7794400DD2AD0 /* User.swift in Sources */ = {isa = PBXBuildFile; fileRef = 857A488419D7794400DD2AD0 /* User.swift */; };
/* End PBXBuildFile section */

/* Begin PBXContainerItemProxy section */
		8560846719D52720001631FB /* PBXContainerItemProxy */ = {
			isa = PBXContainerItemProxy;
			containerPortal = 8560844919D52720001631FB /* Project object */;
			proxyType = 1;
			remoteGlobalIDString = 8560845019D52720001631FB;
			remoteInfo = twitter;
		};
/* End PBXContainerItemProxy section */

/* Begin PBXFileReference section */
		0B3C547C0F44442AA3DA50CB /* libPods.a */ = {isa = PBXFileReference; explicitFileType = archive.ar; includeInIndex = 0; path = libPods.a; sourceTree = BUILT_PRODUCTS_DIR; };
		3F4D7C73D04A4FCC95EE7886 /* Pods.xcconfig */ = {isa = PBXFileReference; includeInIndex = 1; lastKnownFileType = text.xcconfig; name = Pods.xcconfig; path = Pods/Pods.xcconfig; sourceTree = "<group>"; };
		8560845119D52720001631FB /* twitter.app */ = {isa = PBXFileReference; explicitFileType = wrapper.application; includeInIndex = 0; path = twitter.app; sourceTree = BUILT_PRODUCTS_DIR; };
		8560845519D52720001631FB /* Info.plist */ = {isa = PBXFileReference; lastKnownFileType = text.plist.xml; path = Info.plist; sourceTree = "<group>"; };
		8560845619D52720001631FB /* AppDelegate.swift */ = {isa = PBXFileReference; lastKnownFileType = sourcecode.swift; path = AppDelegate.swift; sourceTree = "<group>"; };
		8560845B19D52720001631FB /* Base */ = {isa = PBXFileReference; lastKnownFileType = file.storyboard; name = Base; path = Base.lproj/Main.storyboard; sourceTree = "<group>"; };
		8560845D19D52720001631FB /* Images.xcassets */ = {isa = PBXFileReference; lastKnownFileType = folder.assetcatalog; path = Images.xcassets; sourceTree = "<group>"; };
		8560846019D52720001631FB /* Base */ = {isa = PBXFileReference; lastKnownFileType = file.xib; name = Base; path = Base.lproj/LaunchScreen.xib; sourceTree = "<group>"; };
		8560846619D52720001631FB /* twitterTests.xctest */ = {isa = PBXFileReference; explicitFileType = wrapper.cfbundle; includeInIndex = 0; path = twitterTests.xctest; sourceTree = BUILT_PRODUCTS_DIR; };
		8560846B19D52720001631FB /* Info.plist */ = {isa = PBXFileReference; lastKnownFileType = text.plist.xml; path = Info.plist; sourceTree = "<group>"; };
		8560846C19D52720001631FB /* twitterTests.swift */ = {isa = PBXFileReference; lastKnownFileType = sourcecode.swift; path = twitterTests.swift; sourceTree = "<group>"; };
		8560847719D527AB001631FB /* TwitterFeedViewController.swift */ = {isa = PBXFileReference; fileEncoding = 4; lastKnownFileType = sourcecode.swift; path = TwitterFeedViewController.swift; sourceTree = "<group>"; };
		8560847919D527D2001631FB /* ViewTweetViewController.swift */ = {isa = PBXFileReference; fileEncoding = 4; lastKnownFileType = sourcecode.swift; path = ViewTweetViewController.swift; sourceTree = "<group>"; };
		8560847B19D527E4001631FB /* CreateTweetViewController.swift */ = {isa = PBXFileReference; fileEncoding = 4; lastKnownFileType = sourcecode.swift; path = CreateTweetViewController.swift; sourceTree = "<group>"; };
		8560847E19D52B07001631FB /* TweetCell.swift */ = {isa = PBXFileReference; fileEncoding = 4; lastKnownFileType = sourcecode.swift; path = TweetCell.swift; sourceTree = "<group>"; };
		8560848119D52BFA001631FB /* Tweet.swift */ = {isa = PBXFileReference; fileEncoding = 4; lastKnownFileType = sourcecode.swift; path = Tweet.swift; sourceTree = "<group>"; };
		857A487D19D751FF00DD2AD0 /* twitter-Bridging-Header.h */ = {isa = PBXFileReference; lastKnownFileType = sourcecode.c.h; path = "twitter-Bridging-Header.h"; sourceTree = "<group>"; };
		857A488019D7526A00DD2AD0 /* TwitterClient.swift */ = {isa = PBXFileReference; fileEncoding = 4; lastKnownFileType = sourcecode.swift; path = TwitterClient.swift; sourceTree = "<group>"; };
		857A488219D759B000DD2AD0 /* LoginViewController.swift */ = {isa = PBXFileReference; fileEncoding = 4; lastKnownFileType = sourcecode.swift; path = LoginViewController.swift; sourceTree = "<group>"; };
		857A488419D7794400DD2AD0 /* User.swift */ = {isa = PBXFileReference; fileEncoding = 4; lastKnownFileType = sourcecode.swift; path = User.swift; sourceTree = "<group>"; };
/* End PBXFileReference section */

/* Begin PBXFrameworksBuildPhase section */
		8560844E19D52720001631FB /* Frameworks */ = {
			isa = PBXFrameworksBuildPhase;
			buildActionMask = 2147483647;
			files = (
				2ED6FAD3584D40CA9E1BDABD /* libPods.a in Frameworks */,
			);
			runOnlyForDeploymentPostprocessing = 0;
		};
		8560846319D52720001631FB /* Frameworks */ = {
			isa = PBXFrameworksBuildPhase;
			buildActionMask = 2147483647;
			files = (
			);
			runOnlyForDeploymentPostprocessing = 0;
		};
/* End PBXFrameworksBuildPhase section */

/* Begin PBXGroup section */
		8560844819D52720001631FB = {
			isa = PBXGroup;
			children = (
				8560845319D52720001631FB /* twitter */,
				8560846919D52720001631FB /* twitterTests */,
				8560845219D52720001631FB /* Products */,
				3F4D7C73D04A4FCC95EE7886 /* Pods.xcconfig */,
				E6D8DB7F7EF44D658AEDA126 /* Frameworks */,
			);
			sourceTree = "<group>";
		};
		8560845219D52720001631FB /* Products */ = {
			isa = PBXGroup;
			children = (
				8560845119D52720001631FB /* twitter.app */,
				8560846619D52720001631FB /* twitterTests.xctest */,
			);
			name = Products;
			sourceTree = "<group>";
		};
		8560845319D52720001631FB /* twitter */ = {
			isa = PBXGroup;
			children = (
				857A487C19D751DE00DD2AD0 /* API */,
				8560848019D52B34001631FB /* Models */,
				8560847D19D52AE0001631FB /* Views */,
				8560847619D52783001631FB /* ViewControllers */,
				8560845619D52720001631FB /* AppDelegate.swift */,
				8560845A19D52720001631FB /* Main.storyboard */,
				8560845D19D52720001631FB /* Images.xcassets */,
				8560845F19D52720001631FB /* LaunchScreen.xib */,
				857A487D19D751FF00DD2AD0 /* twitter-Bridging-Header.h */,
				8560845419D52720001631FB /* Supporting Files */,
			);
			path = twitter;
			sourceTree = "<group>";
		};
		8560845419D52720001631FB /* Supporting Files */ = {
			isa = PBXGroup;
			children = (
				8560845519D52720001631FB /* Info.plist */,
			);
			name = "Supporting Files";
			sourceTree = "<group>";
		};
		8560846919D52720001631FB /* twitterTests */ = {
			isa = PBXGroup;
			children = (
				8560846C19D52720001631FB /* twitterTests.swift */,
				8560846A19D52720001631FB /* Supporting Files */,
			);
			path = twitterTests;
			sourceTree = "<group>";
		};
		8560846A19D52720001631FB /* Supporting Files */ = {
			isa = PBXGroup;
			children = (
				8560846B19D52720001631FB /* Info.plist */,
			);
			name = "Supporting Files";
			sourceTree = "<group>";
		};
		8560847619D52783001631FB /* ViewControllers */ = {
			isa = PBXGroup;
			children = (
				8560847719D527AB001631FB /* TwitterFeedViewController.swift */,
				8560847919D527D2001631FB /* ViewTweetViewController.swift */,
				8560847B19D527E4001631FB /* CreateTweetViewController.swift */,
				857A488219D759B000DD2AD0 /* LoginViewController.swift */,
			);
			name = ViewControllers;
			sourceTree = "<group>";
		};
		8560847D19D52AE0001631FB /* Views */ = {
			isa = PBXGroup;
			children = (
				8560847E19D52B07001631FB /* TweetCell.swift */,
			);
			name = Views;
			sourceTree = "<group>";
		};
		8560848019D52B34001631FB /* Models */ = {
			isa = PBXGroup;
			children = (
				8560848119D52BFA001631FB /* Tweet.swift */,
				857A488419D7794400DD2AD0 /* User.swift */,
			);
			name = Models;
			sourceTree = "<group>";
		};
		857A487C19D751DE00DD2AD0 /* API */ = {
			isa = PBXGroup;
			children = (
				857A488019D7526A00DD2AD0 /* TwitterClient.swift */,
			);
			name = API;
			sourceTree = "<group>";
		};
		E6D8DB7F7EF44D658AEDA126 /* Frameworks */ = {
			isa = PBXGroup;
			children = (
				0B3C547C0F44442AA3DA50CB /* libPods.a */,
			);
			name = Frameworks;
			sourceTree = "<group>";
		};
/* End PBXGroup section */

/* Begin PBXNativeTarget section */
		8560845019D52720001631FB /* twitter */ = {
			isa = PBXNativeTarget;
			buildConfigurationList = 8560847019D52720001631FB /* Build configuration list for PBXNativeTarget "twitter" */;
			buildPhases = (
				D3C317267AC6457C94F49F32 /* Check Pods Manifest.lock */,
				8560844D19D52720001631FB /* Sources */,
				8560844E19D52720001631FB /* Frameworks */,
				8560844F19D52720001631FB /* Resources */,
				BBEE4E7B0CB14276B17933BF /* Copy Pods Resources */,
			);
			buildRules = (
			);
			dependencies = (
			);
			name = twitter;
			productName = twitter;
			productReference = 8560845119D52720001631FB /* twitter.app */;
			productType = "com.apple.product-type.application";
		};
		8560846519D52720001631FB /* twitterTests */ = {
			isa = PBXNativeTarget;
			buildConfigurationList = 8560847319D52720001631FB /* Build configuration list for PBXNativeTarget "twitterTests" */;
			buildPhases = (
				8560846219D52720001631FB /* Sources */,
				8560846319D52720001631FB /* Frameworks */,
				8560846419D52720001631FB /* Resources */,
			);
			buildRules = (
			);
			dependencies = (
				8560846819D52720001631FB /* PBXTargetDependency */,
			);
			name = twitterTests;
			productName = twitterTests;
			productReference = 8560846619D52720001631FB /* twitterTests.xctest */;
			productType = "com.apple.product-type.bundle.unit-test";
		};
/* End PBXNativeTarget section */

/* Begin PBXProject section */
		8560844919D52720001631FB /* Project object */ = {
			isa = PBXProject;
			attributes = {
				LastUpgradeCheck = 0600;
				ORGANIZATIONNAME = "Sahil Amoli";
				TargetAttributes = {
					8560845019D52720001631FB = {
						CreatedOnToolsVersion = 6.0;
					};
					8560846519D52720001631FB = {
						CreatedOnToolsVersion = 6.0;
						TestTargetID = 8560845019D52720001631FB;
					};
				};
			};
			buildConfigurationList = 8560844C19D52720001631FB /* Build configuration list for PBXProject "twitter" */;
			compatibilityVersion = "Xcode 3.2";
			developmentRegion = English;
			hasScannedForEncodings = 0;
			knownRegions = (
				en,
				Base,
			);
			mainGroup = 8560844819D52720001631FB;
			productRefGroup = 8560845219D52720001631FB /* Products */;
			projectDirPath = "";
			projectRoot = "";
			targets = (
				8560845019D52720001631FB /* twitter */,
				8560846519D52720001631FB /* twitterTests */,
			);
		};
/* End PBXProject section */

/* Begin PBXResourcesBuildPhase section */
		8560844F19D52720001631FB /* Resources */ = {
			isa = PBXResourcesBuildPhase;
			buildActionMask = 2147483647;
			files = (
				8560845C19D52720001631FB /* Main.storyboard in Resources */,
				8560846119D52720001631FB /* LaunchScreen.xib in Resources */,
				8560845E19D52720001631FB /* Images.xcassets in Resources */,
			);
			runOnlyForDeploymentPostprocessing = 0;
		};
		8560846419D52720001631FB /* Resources */ = {
			isa = PBXResourcesBuildPhase;
			buildActionMask = 2147483647;
			files = (
			);
			runOnlyForDeploymentPostprocessing = 0;
		};
/* End PBXResourcesBuildPhase section */

/* Begin PBXShellScriptBuildPhase section */
		BBEE4E7B0CB14276B17933BF /* Copy Pods Resources */ = {
			isa = PBXShellScriptBuildPhase;
			buildActionMask = 2147483647;
			files = (
			);
			inputPaths = (
			);
			name = "Copy Pods Resources";
			outputPaths = (
			);
			runOnlyForDeploymentPostprocessing = 0;
			shellPath = /bin/sh;
			shellScript = "\"${SRCROOT}/Pods/Pods-resources.sh\"\n";
			showEnvVarsInLog = 0;
		};
		D3C317267AC6457C94F49F32 /* Check Pods Manifest.lock */ = {
			isa = PBXShellScriptBuildPhase;
			buildActionMask = 2147483647;
			files = (
			);
			inputPaths = (
			);
			name = "Check Pods Manifest.lock";
			outputPaths = (
			);
			runOnlyForDeploymentPostprocessing = 0;
			shellPath = /bin/sh;
			shellScript = "diff \"${PODS_ROOT}/../Podfile.lock\" \"${PODS_ROOT}/Manifest.lock\" > /dev/null\nif [[ $? != 0 ]] ; then\n    cat << EOM\nerror: The sandbox is not in sync with the Podfile.lock. Run 'pod install' or update your CocoaPods installation.\nEOM\n    exit 1\nfi\n";
			showEnvVarsInLog = 0;
		};
/* End PBXShellScriptBuildPhase section */

/* Begin PBXSourcesBuildPhase section */
		8560844D19D52720001631FB /* Sources */ = {
			isa = PBXSourcesBuildPhase;
			buildActionMask = 2147483647;
			files = (
				8560847C19D527E4001631FB /* CreateTweetViewController.swift in Sources */,
				8560847819D527AB001631FB /* TwitterFeedViewController.swift in Sources */,
				8560848219D52BFA001631FB /* Tweet.swift in Sources */,
				8560847F19D52B07001631FB /* TweetCell.swift in Sources */,
				857A488319D759B000DD2AD0 /* LoginViewController.swift in Sources */,
				857A488519D7794400DD2AD0 /* User.swift in Sources */,
				857A488119D7526A00DD2AD0 /* TwitterClient.swift in Sources */,
				8560845719D52720001631FB /* AppDelegate.swift in Sources */,
				8560847A19D527D2001631FB /* ViewTweetViewController.swift in Sources */,
			);
			runOnlyForDeploymentPostprocessing = 0;
		};
		8560846219D52720001631FB /* Sources */ = {
			isa = PBXSourcesBuildPhase;
			buildActionMask = 2147483647;
			files = (
				8560846D19D52720001631FB /* twitterTests.swift in Sources */,
			);
			runOnlyForDeploymentPostprocessing = 0;
		};
/* End PBXSourcesBuildPhase section */

/* Begin PBXTargetDependency section */
		8560846819D52720001631FB /* PBXTargetDependency */ = {
			isa = PBXTargetDependency;
			target = 8560845019D52720001631FB /* twitter */;
			targetProxy = 8560846719D52720001631FB /* PBXContainerItemProxy */;
		};
/* End PBXTargetDependency section */

/* Begin PBXVariantGroup section */
		8560845A19D52720001631FB /* Main.storyboard */ = {
			isa = PBXVariantGroup;
			children = (
				8560845B19D52720001631FB /* Base */,
			);
			name = Main.storyboard;
			sourceTree = "<group>";
		};
		8560845F19D52720001631FB /* LaunchScreen.xib */ = {
			isa = PBXVariantGroup;
			children = (
				8560846019D52720001631FB /* Base */,
			);
			name = LaunchScreen.xib;
			sourceTree = "<group>";
		};
/* End PBXVariantGroup section */

/* Begin XCBuildConfiguration section */
		8560846E19D52720001631FB /* Debug */ = {
			isa = XCBuildConfiguration;
			buildSettings = {
				ALWAYS_SEARCH_USER_PATHS = NO;
				CLANG_CXX_LANGUAGE_STANDARD = "gnu++0x";
				CLANG_CXX_LIBRARY = "libc++";
				CLANG_ENABLE_MODULES = YES;
				CLANG_ENABLE_OBJC_ARC = YES;
				CLANG_WARN_BOOL_CONVERSION = YES;
				CLANG_WARN_CONSTANT_CONVERSION = YES;
				CLANG_WARN_DIRECT_OBJC_ISA_USAGE = YES_ERROR;
				CLANG_WARN_EMPTY_BODY = YES;
				CLANG_WARN_ENUM_CONVERSION = YES;
				CLANG_WARN_INT_CONVERSION = YES;
				CLANG_WARN_OBJC_ROOT_CLASS = YES_ERROR;
				CLANG_WARN_UNREACHABLE_CODE = YES;
				CLANG_WARN__DUPLICATE_METHOD_MATCH = YES;
				"CODE_SIGN_IDENTITY[sdk=iphoneos*]" = "iPhone Developer";
				COPY_PHASE_STRIP = NO;
				ENABLE_STRICT_OBJC_MSGSEND = YES;
				GCC_C_LANGUAGE_STANDARD = gnu99;
				GCC_DYNAMIC_NO_PIC = NO;
				GCC_OPTIMIZATION_LEVEL = 0;
				GCC_PREPROCESSOR_DEFINITIONS = (
					"DEBUG=1",
					"$(inherited)",
				);
				GCC_SYMBOLS_PRIVATE_EXTERN = NO;
				GCC_WARN_64_TO_32_BIT_CONVERSION = YES;
				GCC_WARN_ABOUT_RETURN_TYPE = YES_ERROR;
				GCC_WARN_UNDECLARED_SELECTOR = YES;
				GCC_WARN_UNINITIALIZED_AUTOS = YES_AGGRESSIVE;
				GCC_WARN_UNUSED_FUNCTION = YES;
				GCC_WARN_UNUSED_VARIABLE = YES;
				IPHONEOS_DEPLOYMENT_TARGET = 8.0;
				MTL_ENABLE_DEBUG_INFO = YES;
				ONLY_ACTIVE_ARCH = YES;
				SDKROOT = iphoneos;
				SWIFT_OPTIMIZATION_LEVEL = "-Onone";
			};
			name = Debug;
		};
		8560846F19D52720001631FB /* Release */ = {
			isa = XCBuildConfiguration;
			buildSettings = {
				ALWAYS_SEARCH_USER_PATHS = NO;
				CLANG_CXX_LANGUAGE_STANDARD = "gnu++0x";
				CLANG_CXX_LIBRARY = "libc++";
				CLANG_ENABLE_MODULES = YES;
				CLANG_ENABLE_OBJC_ARC = YES;
				CLANG_WARN_BOOL_CONVERSION = YES;
				CLANG_WARN_CONSTANT_CONVERSION = YES;
				CLANG_WARN_DIRECT_OBJC_ISA_USAGE = YES_ERROR;
				CLANG_WARN_EMPTY_BODY = YES;
				CLANG_WARN_ENUM_CONVERSION = YES;
				CLANG_WARN_INT_CONVERSION = YES;
				CLANG_WARN_OBJC_ROOT_CLASS = YES_ERROR;
				CLANG_WARN_UNREACHABLE_CODE = YES;
				CLANG_WARN__DUPLICATE_METHOD_MATCH = YES;
				"CODE_SIGN_IDENTITY[sdk=iphoneos*]" = "iPhone Developer";
				COPY_PHASE_STRIP = YES;
				ENABLE_NS_ASSERTIONS = NO;
				ENABLE_STRICT_OBJC_MSGSEND = YES;
				GCC_C_LANGUAGE_STANDARD = gnu99;
				GCC_WARN_64_TO_32_BIT_CONVERSION = YES;
				GCC_WARN_ABOUT_RETURN_TYPE = YES_ERROR;
				GCC_WARN_UNDECLARED_SELECTOR = YES;
				GCC_WARN_UNINITIALIZED_AUTOS = YES_AGGRESSIVE;
				GCC_WARN_UNUSED_FUNCTION = YES;
				GCC_WARN_UNUSED_VARIABLE = YES;
				IPHONEOS_DEPLOYMENT_TARGET = 8.0;
				MTL_ENABLE_DEBUG_INFO = NO;
				SDKROOT = iphoneos;
				VALIDATE_PRODUCT = YES;
			};
			name = Release;
		};
		8560847119D52720001631FB /* Debug */ = {
			isa = XCBuildConfiguration;
			baseConfigurationReference = 3F4D7C73D04A4FCC95EE7886 /* Pods.xcconfig */;
			buildSettings = {
				ASSETCATALOG_COMPILER_APPICON_NAME = AppIcon;
				CLANG_ENABLE_MODULES = YES;
				INFOPLIST_FILE = twitter/Info.plist;
				LD_RUNPATH_SEARCH_PATHS = "$(inherited) @executable_path/Frameworks";
				PRODUCT_NAME = "$(TARGET_NAME)";
				SWIFT_OBJC_BRIDGING_HEADER = "twitter/twitter-Bridging-Header.h";
				SWIFT_OPTIMIZATION_LEVEL = "-Onone";
			};
			name = Debug;
		};
		8560847219D52720001631FB /* Release */ = {
			isa = XCBuildConfiguration;
			baseConfigurationReference = 3F4D7C73D04A4FCC95EE7886 /* Pods.xcconfig */;
			buildSettings = {
				ASSETCATALOG_COMPILER_APPICON_NAME = AppIcon;
				CLANG_ENABLE_MODULES = YES;
				INFOPLIST_FILE = twitter/Info.plist;
				LD_RUNPATH_SEARCH_PATHS = "$(inherited) @executable_path/Frameworks";
				PRODUCT_NAME = "$(TARGET_NAME)";
				SWIFT_OBJC_BRIDGING_HEADER = "twitter/twitter-Bridging-Header.h";
			};
			name = Release;
		};
		8560847419D52720001631FB /* Debug */ = {
			isa = XCBuildConfiguration;
			buildSettings = {
				BUNDLE_LOADER = "$(TEST_HOST)";
				FRAMEWORK_SEARCH_PATHS = (
					"$(SDKROOT)/Developer/Library/Frameworks",
					"$(inherited)",
				);
				GCC_PREPROCESSOR_DEFINITIONS = (
					"DEBUG=1",
					"$(inherited)",
				);
				INFOPLIST_FILE = twitterTests/Info.plist;
				LD_RUNPATH_SEARCH_PATHS = "$(inherited) @executable_path/Frameworks @loader_path/Frameworks";
				PRODUCT_NAME = "$(TARGET_NAME)";
				TEST_HOST = "$(BUILT_PRODUCTS_DIR)/twitter.app/twitter";
			};
			name = Debug;
		};
		8560847519D52720001631FB /* Release */ = {
			isa = XCBuildConfiguration;
			buildSettings = {
				BUNDLE_LOADER = "$(TEST_HOST)";
				FRAMEWORK_SEARCH_PATHS = (
					"$(SDKROOT)/Developer/Library/Frameworks",
					"$(inherited)",
				);
				INFOPLIST_FILE = twitterTests/Info.plist;
				LD_RUNPATH_SEARCH_PATHS = "$(inherited) @executable_path/Frameworks @loader_path/Frameworks";
				PRODUCT_NAME = "$(TARGET_NAME)";
				TEST_HOST = "$(BUILT_PRODUCTS_DIR)/twitter.app/twitter";
			};
			name = Release;
		};
/* End XCBuildConfiguration section */

/* Begin XCConfigurationList section */
		8560844C19D52720001631FB /* Build configuration list for PBXProject "twitter" */ = {
			isa = XCConfigurationList;
			buildConfigurations = (
				8560846E19D52720001631FB /* Debug */,
				8560846F19D52720001631FB /* Release */,
			);
			defaultConfigurationIsVisible = 0;
			defaultConfigurationName = Release;
		};
		8560847019D52720001631FB /* Build configuration list for PBXNativeTarget "twitter" */ = {
			isa = XCConfigurationList;
			buildConfigurations = (
				8560847119D52720001631FB /* Debug */,
				8560847219D52720001631FB /* Release */,
			);
			defaultConfigurationIsVisible = 0;
			defaultConfigurationName = Release;
		};
		8560847319D52720001631FB /* Build configuration list for PBXNativeTarget "twitterTests" */ = {
			isa = XCConfigurationList;
			buildConfigurations = (
				8560847419D52720001631FB /* Debug */,
				8560847519D52720001631FB /* Release */,
			);
			defaultConfigurationIsVisible = 0;
			defaultConfigurationName = Release;
		};
/* End XCConfigurationList section */
	};
	rootObject = 8560844919D52720001631FB /* Project object */;
}
